
Microsoft Visual Studio Solution File, Format Version 12.00
# Visual Studio Version 16
VisualStudioVersion = 16.0.30320.27
MinimumVisualStudioVersion = 10.0.40219.1
Project("{9A19103F-16F7-4668-BE54-9A1E7A4F7556}") = "Synth", "Synth\Synth.csproj", "{C9A57D4A-4F6A-4219-9BA1-E8F73B39165C}"
EndProject
Project("{9A19103F-16F7-4668-BE54-9A1E7A4F7556}") = "Synth.Console", "Synth.Console\Synth.Console.csproj", "{971D2FB4-A91E-4D47-9215-12632A6A092C}"
EndProject
Project("{9A19103F-16F7-4668-BE54-9A1E7A4F7556}") = "Synth.UI", "Synth.UI\Synth.UI.csproj", "{6C32B601-62BB-404D-9C35-F5FABD72AE7E}"
EndProject
Project("{9A19103F-16F7-4668-BE54-9A1E7A4F7556}") = "Synth.Instrument.Monophonic", "Synth.Instrument.Monophonic\Synth.Instrument.Monophonic.csproj", "{1019D994-497D-44C2-BDCC-E72AC0631134}"
EndProject
Global
	GlobalSection(SolutionConfigurationPlatforms) = preSolution
		Debug|Any CPU = Debug|Any CPU
		Release|Any CPU = Release|Any CPU
	EndGlobalSection
	GlobalSection(ProjectConfigurationPlatforms) = postSolution
		{C9A57D4A-4F6A-4219-9BA1-E8F73B39165C}.Debug|Any CPU.ActiveCfg = Debug|Any CPU
		{C9A57D4A-4F6A-4219-9BA1-E8F73B39165C}.Debug|Any CPU.Build.0 = Debug|Any CPU
		{C9A57D4A-4F6A-4219-9BA1-E8F73B39165C}.Release|Any CPU.ActiveCfg = Release|Any CPU
		{C9A57D4A-4F6A-4219-9BA1-E8F73B39165C}.Release|Any CPU.Build.0 = Release|Any CPU
		{971D2FB4-A91E-4D47-9215-12632A6A092C}.Debug|Any CPU.ActiveCfg = Debug|Any CPU
		{971D2FB4-A91E-4D47-9215-12632A6A092C}.Debug|Any CPU.Build.0 = Debug|Any CPU
		{971D2FB4-A91E-4D47-9215-12632A6A092C}.Release|Any CPU.ActiveCfg = Release|Any CPU
		{971D2FB4-A91E-4D47-9215-12632A6A092C}.Release|Any CPU.Build.0 = Release|Any CPU
		{6C32B601-62BB-404D-9C35-F5FABD72AE7E}.Debug|Any CPU.ActiveCfg = Debug|Any CPU
		{6C32B601-62BB-404D-9C35-F5FABD72AE7E}.Debug|Any CPU.Build.0 = Debug|Any CPU
		{6C32B601-62BB-404D-9C35-F5FABD72AE7E}.Release|Any CPU.ActiveCfg = Release|Any CPU
		{6C32B601-62BB-404D-9C35-F5FABD72AE7E}.Release|Any CPU.Build.0 = Release|Any CPU
		{1019D994-497D-44C2-BDCC-E72AC0631134}.Debug|Any CPU.ActiveCfg = Debug|Any CPU
		{1019D994-497D-44C2-BDCC-E72AC0631134}.Debug|Any CPU.Build.0 = Debug|Any CPU
		{1019D994-497D-44C2-BDCC-E72AC0631134}.Release|Any CPU.ActiveCfg = Release|Any CPU
		{1019D994-497D-44C2-BDCC-E72AC0631134}.Release|Any CPU.Build.0 = Release|Any CPU
	EndGlobalSection
	GlobalSection(SolutionProperties) = preSolution
		HideSolutionNode = FALSE
	EndGlobalSection
	GlobalSection(ExtensibilityGlobals) = postSolution
		SolutionGuid = {5EDAA9AB-CD31-4FC0-A68B-95169212A20E}
	EndGlobalSection
EndGlobal
